<?xml version="1.0" encoding="utf-8"?>
<Project ToolsVersion="4.0" xmlns="http://schemas.microsoft.com/developer/msbuild/2003">
  <ItemGroup>
    <ClCompile Include="main.cpp">
      <Filter>Source FIles</Filter>
    </ClCompile>
    <ClCompile Include="perspective_correction.cpp">
      <Filter>Source FIles</Filter>
    </ClCompile>
    <ClCompile Include="clickable_label.cpp">
      <Filter>Source FIles</Filter>
    </ClCompile>
    <ClCompile Include="result_image_view.cpp">
      <Filter>Source FIles</Filter>
    </ClCompile>
  </ItemGroup>
  <ItemGroup>
    <Filter Include="Source FIles">
      <UniqueIdentifier>{4FC737F1-C7A5-4376-A066-2A32D752A2FF}</UniqueIdentifier>
      <Extensions>cpp;c;cc;cxx;def;odl;idl;hpj;bat;asm;asmx</Extensions>
      <ParseFiles>true</ParseFiles>
    </Filter>
    <Filter Include="Header Files">
      <UniqueIdentifier>{93995380-89BD-4b04-88EB-625FBE52EBFB}</UniqueIdentifier>
      <Extensions>h;hh;hpp;hxx;hm;inl;inc;xsd</Extensions>
      <ParseFiles>true</ParseFiles>
    </Filter>
    <Filter Include="Form Files">
      <UniqueIdentifier>{99349809-55BA-4b9d-BF79-8FDBB0286EB3}</UniqueIdentifier>
      <Extensions>ui</Extensions>
      <ParseFiles>true</ParseFiles>
    </Filter>
    <Filter Include="Resource Files">
      <UniqueIdentifier>{d61a4ad4-36b3-4f08-b7bd-331b914c9ce4}</UniqueIdentifier>
    </Filter>
    <Filter Include="Uic">
      <UniqueIdentifier>{83e778e0-5dc1-4ff4-9e7d-af98288f5214}</UniqueIdentifier>
    </Filter>
  </ItemGroup>
  <ItemGroup>
    <QtUic Include="perspective_correction.ui">
      <Filter>Form Files</Filter>
    </QtUic>
    <QtUic Include="result_image_view.ui">
      <Filter>Form Files</Filter>
    </QtUic>
  </ItemGroup>
  <ItemGroup>
    <QtMoc Include="perspective_correction.h">
      <Filter>Header Files</Filter>
    </QtMoc>
    <QtMoc Include="clickable_label.h">
      <Filter>Header Files</Filter>
    </QtMoc>
    <QtMoc Include="result_image_view.h">
      <Filter>Header Files</Filter>
    </QtMoc>
  </ItemGroup>
  <ItemGroup>
    <QtRcc Include="perspective_correction.qrc">
      <Filter>Resource Files</Filter>
    </QtRcc>
  </ItemGroup>
  <ItemGroup>
    <ClInclude Include="uic\ui_perspective_correction.h">
      <Filter>Uic</Filter>
    </ClInclude>
    <ClInclude Include="uic\ui_result_image_view.h">
      <Filter>Uic</Filter>
    </ClInclude>
  </ItemGroup>
</Project>